
Microsoft Visual Studio Solution File, Format Version 12.00
# Visual Studio Version 16
VisualStudioVersion = 16.0.30413.136
MinimumVisualStudioVersion = 10.0.40219.1
Project("{FAE04EC0-301F-11D3-BF4B-00C04F79EFBC}") = "LogiNumLock", "LogiNumLock.csproj", "{7031A383-C8E6-43AF-B40A-7FB433BD4F96}"
EndProject
Global
	GlobalSection(SolutionConfigurationPlatforms) = preSolution
		Debug|Any CPU = Debug|Any CPU
	EndGlobalSection
	GlobalSection(ProjectConfigurationPlatforms) = postSolution
		{7031A383-C8E6-43AF-B40A-7FB433BD4F96}.Debug|Any CPU.ActiveCfg = Debug|Any CPU
		{7031A383-C8E6-43AF-B40A-7FB433BD4F96}.Debug|Any CPU.Build.0 = Debug|Any CPU
	EndGlobalSection
	GlobalSection(SolutionProperties) = preSolution
		HideSolutionNode = FALSE
	EndGlobalSection
	GlobalSection(ExtensibilityGlobals) = postSolution
		SolutionGuid = {96BD63DE-A995-4495-850B-56E0518134E5}
	EndGlobalSection
EndGlobal
